
Microsoft Visual Studio Solution File, Format Version 12.00
# Visual Studio 14
VisualStudioVersion = 14.0.25420.1
MinimumVisualStudioVersion = 10.0.40219.1
Project("{FAE04EC0-301F-11D3-BF4B-00C04F79EFBC}") = "GeneAutomate", "GeneAutomate\GeneAutomate.csproj", "{98919CB8-995D-4706-8228-A3ED0790EE39}"
EndProject
Project("{FAE04EC0-301F-11D3-BF4B-00C04F79EFBC}") = "GeneAutomate.Parser", "GeneAutomate.Parser\GeneAutomate.Parser.csproj", "{FAEDE5AE-4C20-4991-AB85-8AAFBA4E5210}"
EndProject
Project("{FAE04EC0-301F-11D3-BF4B-00C04F79EFBC}") = "GeneAutomate.Models", "GeneAutomate.Models\GeneAutomate.Models.csproj", "{63AF470E-A7EF-4F5F-A6BB-9D18909BDEBB}"
EndProject
Project("{FAE04EC0-301F-11D3-BF4B-00C04F79EFBC}") = "GeneAutomate.ParserTests", "GeneAutomate.ParserTests\GeneAutomate.ParserTests.csproj", "{B6944649-EE89-4723-BAF8-8F9BE01DD81C}"
EndProject
Project("{FAE04EC0-301F-11D3-BF4B-00C04F79EFBC}") = "GeneAutomate.BusinessLogic", "GeneAutomate.BusinessLogic\GeneAutomate.BusinessLogic.csproj", "{A5750481-47B8-42EC-9069-67681D210194}"
EndProject
Project("{FAE04EC0-301F-11D3-BF4B-00C04F79EFBC}") = "GeneAutomate.BusinessLogicTests", "GeneAutomate.BusinessLogicTests\GeneAutomate.BusinessLogicTests.csproj", "{5B4BF9D5-A66B-4A85-94B0-B3A861C3D69A}"
EndProject
Project("{FAE04EC0-301F-11D3-BF4B-00C04F79EFBC}") = "GeneAutomate.BDD", "GeneAutomate.BDD\GeneAutomate.BDD.csproj", "{C53A919A-A33D-46D8-B2C3-D52373A97366}"
EndProject
Project("{FAE04EC0-301F-11D3-BF4B-00C04F79EFBC}") = "GeneAutomate.BDDTests", "GeneAutomate.BDDTests\GeneAutomate.BDDTests.csproj", "{7AE1A29C-606E-4BF2-8543-0928CF16F6DC}"
EndProject
Project("{2150E333-8FDC-42A3-9474-1A3956D46DE8}") = "Tests", "Tests", "{25070E39-11B4-4210-9A55-7752335C911D}"
EndProject
Project("{2150E333-8FDC-42A3-9474-1A3956D46DE8}") = "ExternalPackages", "ExternalPackages", "{06BB40D3-8CA8-461F-A48A-23782A0829A9}"
EndProject
Project("{2150E333-8FDC-42A3-9474-1A3956D46DE8}") = "PAT", "PAT", "{5578F806-EC04-45A5-B3C2-8CAA03DB78A3}"
	ProjectSection(SolutionItems) = preProject
		External Packages\PAT BDD Lib Public\dll\CUDDHelper 64.dll = External Packages\PAT BDD Lib Public\dll\CUDDHelper 64.dll
		External Packages\PAT BDD Lib Public\dll\CUDDHelper.dll = External Packages\PAT BDD Lib Public\dll\CUDDHelper.dll
		External Packages\PAT BDD Lib Public\dll\CUDDHelper_32.dll = External Packages\PAT BDD Lib Public\dll\CUDDHelper_32.dll
		External Packages\PAT BDD Lib Public\dll\PAT.BDD.dll = External Packages\PAT BDD Lib Public\dll\PAT.BDD.dll
		External Packages\PAT BDD Lib Public\dll\PAT.BDD.pdb = External Packages\PAT BDD Lib Public\dll\PAT.BDD.pdb
		External Packages\PAT BDD Lib Public\dll\PAT.BDD.XML = External Packages\PAT BDD Lib Public\dll\PAT.BDD.XML
	EndProjectSection
EndProject
Project("{FAE04EC0-301F-11D3-BF4B-00C04F79EFBC}") = "PAT.BDD", "..\External Packages\PAT BDD Lib Public\Source\PAT.BDD\PAT.BDD.csproj", "{EBB3AD28-953A-4C12-ADD4-4A6752628280}"
EndProject
Global
	GlobalSection(SolutionConfigurationPlatforms) = preSolution
		Debug|Any CPU = Debug|Any CPU
		Release|Any CPU = Release|Any CPU
	EndGlobalSection
	GlobalSection(ProjectConfigurationPlatforms) = postSolution
		{98919CB8-995D-4706-8228-A3ED0790EE39}.Debug|Any CPU.ActiveCfg = Debug|Any CPU
		{98919CB8-995D-4706-8228-A3ED0790EE39}.Debug|Any CPU.Build.0 = Debug|Any CPU
		{98919CB8-995D-4706-8228-A3ED0790EE39}.Release|Any CPU.ActiveCfg = Release|Any CPU
		{98919CB8-995D-4706-8228-A3ED0790EE39}.Release|Any CPU.Build.0 = Release|Any CPU
		{FAEDE5AE-4C20-4991-AB85-8AAFBA4E5210}.Debug|Any CPU.ActiveCfg = Debug|Any CPU
		{FAEDE5AE-4C20-4991-AB85-8AAFBA4E5210}.Debug|Any CPU.Build.0 = Debug|Any CPU
		{FAEDE5AE-4C20-4991-AB85-8AAFBA4E5210}.Release|Any CPU.ActiveCfg = Release|Any CPU
		{FAEDE5AE-4C20-4991-AB85-8AAFBA4E5210}.Release|Any CPU.Build.0 = Release|Any CPU
		{63AF470E-A7EF-4F5F-A6BB-9D18909BDEBB}.Debug|Any CPU.ActiveCfg = Debug|Any CPU
		{63AF470E-A7EF-4F5F-A6BB-9D18909BDEBB}.Debug|Any CPU.Build.0 = Debug|Any CPU
		{63AF470E-A7EF-4F5F-A6BB-9D18909BDEBB}.Release|Any CPU.ActiveCfg = Release|Any CPU
		{63AF470E-A7EF-4F5F-A6BB-9D18909BDEBB}.Release|Any CPU.Build.0 = Release|Any CPU
		{B6944649-EE89-4723-BAF8-8F9BE01DD81C}.Debug|Any CPU.ActiveCfg = Debug|Any CPU
		{B6944649-EE89-4723-BAF8-8F9BE01DD81C}.Debug|Any CPU.Build.0 = Debug|Any CPU
		{B6944649-EE89-4723-BAF8-8F9BE01DD81C}.Release|Any CPU.ActiveCfg = Release|Any CPU
		{B6944649-EE89-4723-BAF8-8F9BE01DD81C}.Release|Any CPU.Build.0 = Release|Any CPU
		{A5750481-47B8-42EC-9069-67681D210194}.Debug|Any CPU.ActiveCfg = Debug|Any CPU
		{A5750481-47B8-42EC-9069-67681D210194}.Debug|Any CPU.Build.0 = Debug|Any CPU
		{A5750481-47B8-42EC-9069-67681D210194}.Release|Any CPU.ActiveCfg = Release|Any CPU
		{A5750481-47B8-42EC-9069-67681D210194}.Release|Any CPU.Build.0 = Release|Any CPU
		{5B4BF9D5-A66B-4A85-94B0-B3A861C3D69A}.Debug|Any CPU.ActiveCfg = Debug|Any CPU
		{5B4BF9D5-A66B-4A85-94B0-B3A861C3D69A}.Debug|Any CPU.Build.0 = Debug|Any CPU
		{5B4BF9D5-A66B-4A85-94B0-B3A861C3D69A}.Release|Any CPU.ActiveCfg = Release|Any CPU
		{5B4BF9D5-A66B-4A85-94B0-B3A861C3D69A}.Release|Any CPU.Build.0 = Release|Any CPU
		{C53A919A-A33D-46D8-B2C3-D52373A97366}.Debug|Any CPU.ActiveCfg = Debug|Any CPU
		{C53A919A-A33D-46D8-B2C3-D52373A97366}.Debug|Any CPU.Build.0 = Debug|Any CPU
		{C53A919A-A33D-46D8-B2C3-D52373A97366}.Release|Any CPU.ActiveCfg = Release|Any CPU
		{C53A919A-A33D-46D8-B2C3-D52373A97366}.Release|Any CPU.Build.0 = Release|Any CPU
		{7AE1A29C-606E-4BF2-8543-0928CF16F6DC}.Debug|Any CPU.ActiveCfg = Debug|Any CPU
		{7AE1A29C-606E-4BF2-8543-0928CF16F6DC}.Debug|Any CPU.Build.0 = Debug|Any CPU
		{7AE1A29C-606E-4BF2-8543-0928CF16F6DC}.Release|Any CPU.ActiveCfg = Release|Any CPU
		{7AE1A29C-606E-4BF2-8543-0928CF16F6DC}.Release|Any CPU.Build.0 = Release|Any CPU
		{EBB3AD28-953A-4C12-ADD4-4A6752628280}.Debug|Any CPU.ActiveCfg = Debug|Any CPU
		{EBB3AD28-953A-4C12-ADD4-4A6752628280}.Debug|Any CPU.Build.0 = Debug|Any CPU
		{EBB3AD28-953A-4C12-ADD4-4A6752628280}.Release|Any CPU.ActiveCfg = Release|Any CPU
		{EBB3AD28-953A-4C12-ADD4-4A6752628280}.Release|Any CPU.Build.0 = Release|Any CPU
	EndGlobalSection
	GlobalSection(SolutionProperties) = preSolution
		HideSolutionNode = FALSE
	EndGlobalSection
	GlobalSection(NestedProjects) = preSolution
		{B6944649-EE89-4723-BAF8-8F9BE01DD81C} = {25070E39-11B4-4210-9A55-7752335C911D}
		{5B4BF9D5-A66B-4A85-94B0-B3A861C3D69A} = {25070E39-11B4-4210-9A55-7752335C911D}
		{7AE1A29C-606E-4BF2-8543-0928CF16F6DC} = {25070E39-11B4-4210-9A55-7752335C911D}
		{5578F806-EC04-45A5-B3C2-8CAA03DB78A3} = {06BB40D3-8CA8-461F-A48A-23782A0829A9}
	EndGlobalSection
EndGlobal
