
Microsoft Visual Studio Solution File, Format Version 12.00
# Visual Studio 14
VisualStudioVersion = 14.0.25420.1
MinimumVisualStudioVersion = 10.0.40219.1
Project("{FAE04EC0-301F-11D3-BF4B-00C04F79EFBC}") = "GeneAutomate", "GeneAutomate\GeneAutomate.csproj", "{98919CB8-995D-4706-8228-A3ED0790EE39}"
EndProject
Project("{FAE04EC0-301F-11D3-BF4B-00C04F79EFBC}") = "GeneAutomate.Parser", "GeneAutomate.Parser\GeneAutomate.Parser.csproj", "{FAEDE5AE-4C20-4991-AB85-8AAFBA4E5210}"
EndProject
Project("{FAE04EC0-301F-11D3-BF4B-00C04F79EFBC}") = "GeneAutomate.Models", "GeneAutomate.Models\GeneAutomate.Models.csproj", "{63AF470E-A7EF-4F5F-A6BB-9D18909BDEBB}"
EndProject
Project("{FAE04EC0-301F-11D3-BF4B-00C04F79EFBC}") = "GeneAutomate.ParserTests", "GeneAutomate.ParserTests\GeneAutomate.ParserTests.csproj", "{B6944649-EE89-4723-BAF8-8F9BE01DD81C}"
EndProject
Project("{FAE04EC0-301F-11D3-BF4B-00C04F79EFBC}") = "GeneAutomate.BusinessLogic", "GeneAutomate.BusinessLogic\GeneAutomate.BusinessLogic.csproj", "{A5750481-47B8-42EC-9069-67681D210194}"
EndProject
Project("{FAE04EC0-301F-11D3-BF4B-00C04F79EFBC}") = "GeneAutomate.BusinessLogicTests", "GeneAutomate.BusinessLogicTests\GeneAutomate.BusinessLogicTests.csproj", "{5B4BF9D5-A66B-4A85-94B0-B3A861C3D69A}"
EndProject
Global
	GlobalSection(SolutionConfigurationPlatforms) = preSolution
		Debug|Any CPU = Debug|Any CPU
		Release|Any CPU = Release|Any CPU
	EndGlobalSection
	GlobalSection(ProjectConfigurationPlatforms) = postSolution
		{98919CB8-995D-4706-8228-A3ED0790EE39}.Debug|Any CPU.ActiveCfg = Debug|Any CPU
		{98919CB8-995D-4706-8228-A3ED0790EE39}.Debug|Any CPU.Build.0 = Debug|Any CPU
		{98919CB8-995D-4706-8228-A3ED0790EE39}.Release|Any CPU.ActiveCfg = Release|Any CPU
		{98919CB8-995D-4706-8228-A3ED0790EE39}.Release|Any CPU.Build.0 = Release|Any CPU
		{FAEDE5AE-4C20-4991-AB85-8AAFBA4E5210}.Debug|Any CPU.ActiveCfg = Debug|Any CPU
		{FAEDE5AE-4C20-4991-AB85-8AAFBA4E5210}.Debug|Any CPU.Build.0 = Debug|Any CPU
		{FAEDE5AE-4C20-4991-AB85-8AAFBA4E5210}.Release|Any CPU.ActiveCfg = Release|Any CPU
		{FAEDE5AE-4C20-4991-AB85-8AAFBA4E5210}.Release|Any CPU.Build.0 = Release|Any CPU
		{63AF470E-A7EF-4F5F-A6BB-9D18909BDEBB}.Debug|Any CPU.ActiveCfg = Debug|Any CPU
		{63AF470E-A7EF-4F5F-A6BB-9D18909BDEBB}.Debug|Any CPU.Build.0 = Debug|Any CPU
		{63AF470E-A7EF-4F5F-A6BB-9D18909BDEBB}.Release|Any CPU.ActiveCfg = Release|Any CPU
		{63AF470E-A7EF-4F5F-A6BB-9D18909BDEBB}.Release|Any CPU.Build.0 = Release|Any CPU
		{B6944649-EE89-4723-BAF8-8F9BE01DD81C}.Debug|Any CPU.ActiveCfg = Debug|Any CPU
		{B6944649-EE89-4723-BAF8-8F9BE01DD81C}.Debug|Any CPU.Build.0 = Debug|Any CPU
		{B6944649-EE89-4723-BAF8-8F9BE01DD81C}.Release|Any CPU.ActiveCfg = Release|Any CPU
		{B6944649-EE89-4723-BAF8-8F9BE01DD81C}.Release|Any CPU.Build.0 = Release|Any CPU
		{A5750481-47B8-42EC-9069-67681D210194}.Debug|Any CPU.ActiveCfg = Debug|Any CPU
		{A5750481-47B8-42EC-9069-67681D210194}.Debug|Any CPU.Build.0 = Debug|Any CPU
		{A5750481-47B8-42EC-9069-67681D210194}.Release|Any CPU.ActiveCfg = Release|Any CPU
		{A5750481-47B8-42EC-9069-67681D210194}.Release|Any CPU.Build.0 = Release|Any CPU
		{5B4BF9D5-A66B-4A85-94B0-B3A861C3D69A}.Debug|Any CPU.ActiveCfg = Debug|Any CPU
		{5B4BF9D5-A66B-4A85-94B0-B3A861C3D69A}.Debug|Any CPU.Build.0 = Debug|Any CPU
		{5B4BF9D5-A66B-4A85-94B0-B3A861C3D69A}.Release|Any CPU.ActiveCfg = Release|Any CPU
		{5B4BF9D5-A66B-4A85-94B0-B3A861C3D69A}.Release|Any CPU.Build.0 = Release|Any CPU
	EndGlobalSection
	GlobalSection(SolutionProperties) = preSolution
		HideSolutionNode = FALSE
	EndGlobalSection
EndGlobal
